[[package]]
category = "dev"
description = "A small Python module for determining appropriate platform-specific dirs, e.g. a \"user data dir\"."
name = "appdirs"
optional = false
python-versions = "*"
version = "1.4.3"

[[package]]
category = "dev"
description = "Classes Without Boilerplate"
name = "attrs"
optional = false
python-versions = ">=2.7, !=3.0.*, !=3.1.*, !=3.2.*, !=3.3.*"
version = "19.3.0"

[package.extras]
azure-pipelines = ["coverage", "hypothesis", "pympler", "pytest (>=4.3.0)", "six", "zope.interface", "pytest-azurepipelines"]
dev = ["coverage", "hypothesis", "pympler", "pytest (>=4.3.0)", "six", "zope.interface", "sphinx", "pre-commit"]
docs = ["sphinx", "zope.interface"]
tests = ["coverage", "hypothesis", "pympler", "pytest (>=4.3.0)", "six", "zope.interface"]

[[package]]
category = "dev"
description = "The uncompromising code formatter."
name = "black"
optional = false
python-versions = ">=3.6"
version = "19.10b0"

[package.dependencies]
appdirs = "*"
attrs = ">=18.1.0"
click = ">=6.5"
pathspec = ">=0.6,<1"
regex = "*"
toml = ">=0.9.4"
typed-ast = ">=1.4.0"

[package.extras]
d = ["aiohttp (>=3.3.2)", "aiohttp-cors"]

[[package]]
category = "dev"
description = "Composable command line interface toolkit"
name = "click"
optional = false
python-versions = ">=2.7, !=3.0.*, !=3.1.*, !=3.2.*, !=3.3.*, !=3.4.*"
version = "7.1.1"

[[package]]
category = "dev"
description = "Discover and load entry points from installed packages."
name = "entrypoints"
optional = false
python-versions = ">=2.7"
version = "0.3"

[[package]]
category = "dev"
description = "the modular source code checker: pep8, pyflakes and co"
name = "flake8"
optional = false
python-versions = ">=2.7, !=3.0.*, !=3.1.*, !=3.2.*, !=3.3.*"
version = "3.7.9"

[package.dependencies]
entrypoints = ">=0.3.0,<0.4.0"
mccabe = ">=0.6.0,<0.7.0"
pycodestyle = ">=2.5.0,<2.6.0"
pyflakes = ">=2.1.0,<2.2.0"

[[package]]
category = "main"
description = "Client for MQTT protocol"
name = "gmqtt"
optional = false
python-versions = "*"
version = "0.6.3"

[package.extras]
test = ["atomicwrites (>=1.3.0)", "attrs (>=19.1.0)", "codecov (>=2.0.15)", "coverage (>=4.5.3)", "more-itertools (>=7.0.0)", "pluggy (>=0.11.0)", "py (>=1.8.0)", "pytest-asyncio (>=0.10.0)", "pytest-cov (>=2.7.1)", "pytest (>=4.5.0)", "six (>=1.12.0)", "uvloop (>=0.14.0)"]

[[package]]
category = "dev"
description = "McCabe checker, plugin for flake8"
name = "mccabe"
optional = false
python-versions = "*"
version = "0.6.1"

[[package]]
category = "dev"
description = "Utility library for gitignore style pattern matching of file paths."
name = "pathspec"
optional = false
python-versions = ">=2.7, !=3.0.*, !=3.1.*, !=3.2.*, !=3.3.*, !=3.4.*"
version = "0.7.0"

[[package]]
category = "main"
description = "Python datetimes made easy"
name = "pendulum"
optional = false
python-versions = ">=2.7, !=3.0.*, !=3.1.*, !=3.2.*, !=3.3.*, !=3.4.*"
version = "2.1.0"

[package.dependencies]
python-dateutil = ">=2.6,<3.0"
pytzdata = ">=2018.3"

[[package]]
category = "dev"
description = "Python style guide checker"
name = "pycodestyle"
optional = false
python-versions = ">=2.7, !=3.0.*, !=3.1.*, !=3.2.*, !=3.3.*"
version = "2.5.0"

[[package]]
category = "dev"
description = "passive checker of Python programs"
name = "pyflakes"
optional = false
python-versions = ">=2.7, !=3.0.*, !=3.1.*, !=3.2.*, !=3.3.*"
version = "2.1.1"

[[package]]
category = "main"
description = "Python Serial Port Extension"
name = "pyserial"
optional = false
python-versions = "*"
version = "3.4"

[[package]]
category = "main"
description = "Extensions to the standard Python datetime module"
name = "python-dateutil"
optional = false
python-versions = "!=3.0.*,!=3.1.*,!=3.2.*,>=2.7"
version = "2.8.1"

[package.dependencies]
six = ">=1.5"

[[package]]
category = "main"
description = "The Olson timezone database for Python."
name = "pytzdata"
optional = false
python-versions = ">=2.7, !=3.0.*, !=3.1.*, !=3.2.*, !=3.3.*"
version = "2019.3"

[[package]]
category = "dev"
description = "Alternative regular expression module, to replace re."
name = "regex"
optional = false
python-versions = "*"
version = "2020.4.4"

[[package]]
category = "dev"
description = "a python refactoring library..."
name = "rope"
optional = false
python-versions = "*"
version = "0.16.0"

[package.extras]
dev = ["pytest"]

[[package]]
category = "main"
description = "RPi.GPIO emulator"
marker = "platform_machine != \"armv7l\""
name = "RPi"
optional = false
python-versions = "*"
version = "0.2.2"

[package.source]
reference = "f534e90f8c47a7fce3d7367e4aa72c68e9fa75dd"
type = "git"
url = "https://github.com/nosix/raspberry-gpio-emulator/"
[[package]]
category = "main"
description = "A module to control Raspberry Pi GPIO channels"
marker = "platform_machine == \"armv7l\""
name = "rpi.gpio"
optional = false
python-versions = "*"
version = "0.7.0"

[[package]]
category = "main"
description = "Python 2 and 3 compatibility utilities"
name = "six"
optional = false
python-versions = ">=2.7, !=3.0.*, !=3.1.*, !=3.2.*"
version = "1.14.0"

[[package]]
category = "dev"
description = "Python Library for Tom's Obvious, Minimal Language"
name = "toml"
optional = false
python-versions = "*"
version = "0.10.0"

[[package]]
category = "dev"
description = "a fork of Python 2 and 3 ast modules with type comment support"
name = "typed-ast"
optional = false
python-versions = "*"
version = "1.4.1"

[[package]]
category = "main"
description = "Fast implementation of asyncio event loop on top of libuv"
marker = "sys_platform == \"linux\""
name = "uvloop"
optional = false
python-versions = "*"
version = "0.14.0"

[metadata]
content-hash = "dd629e10dc607c3ff0419e60d6d48459d5c6257c9439123152e16471b8cb87f0"
python-versions = ">=3.7"

[metadata.files]
appdirs = [
    {file = "appdirs-1.4.3-py2.py3-none-any.whl", hash = "sha256:d8b24664561d0d34ddfaec54636d502d7cea6e29c3eaf68f3df6180863e2166e"},
    {file = "appdirs-1.4.3.tar.gz", hash = "sha256:9e5896d1372858f8dd3344faf4e5014d21849c756c8d5701f78f8a103b372d92"},
]
attrs = [
    {file = "attrs-19.3.0-py2.py3-none-any.whl", hash = "sha256:08a96c641c3a74e44eb59afb61a24f2cb9f4d7188748e76ba4bb5edfa3cb7d1c"},
    {file = "attrs-19.3.0.tar.gz", hash = "sha256:f7b7ce16570fe9965acd6d30101a28f62fb4a7f9e926b3bbc9b61f8b04247e72"},
]
black = [
    {file = "black-19.10b0-py36-none-any.whl", hash = "sha256:1b30e59be925fafc1ee4565e5e08abef6b03fe455102883820fe5ee2e4734e0b"},
    {file = "black-19.10b0.tar.gz", hash = "sha256:c2edb73a08e9e0e6f65a0e6af18b059b8b1cdd5bef997d7a0b181df93dc81539"},
]
click = [
    {file = "click-7.1.1-py2.py3-none-any.whl", hash = "sha256:e345d143d80bf5ee7534056164e5e112ea5e22716bbb1ce727941f4c8b471b9a"},
    {file = "click-7.1.1.tar.gz", hash = "sha256:8a18b4ea89d8820c5d0c7da8a64b2c324b4dabb695804dbfea19b9be9d88c0cc"},
]
entrypoints = [
    {file = "entrypoints-0.3-py2.py3-none-any.whl", hash = "sha256:589f874b313739ad35be6e0cd7efde2a4e9b6fea91edcc34e58ecbb8dbe56d19"},
    {file = "entrypoints-0.3.tar.gz", hash = "sha256:c70dd71abe5a8c85e55e12c19bd91ccfeec11a6e99044204511f9ed547d48451"},
]
flake8 = [
    {file = "flake8-3.7.9-py2.py3-none-any.whl", hash = "sha256:49356e766643ad15072a789a20915d3c91dc89fd313ccd71802303fd67e4deca"},
    {file = "flake8-3.7.9.tar.gz", hash = "sha256:45681a117ecc81e870cbf1262835ae4af5e7a8b08e40b944a8a6e6b895914cfb"},
]
gmqtt = [
    {file = "gmqtt-0.6.3-py3-none-any.whl", hash = "sha256:3cdf4f28bf6a70786bc67920451d5896100f439a9fa41fecf5fa401c11f47acb"},
    {file = "gmqtt-0.6.3.tar.gz", hash = "sha256:0d10b437928a2ec1dc4a3e0547fc96fa12ee56d8eba6346b7d8202d2504eea8d"},
]
mccabe = [
    {file = "mccabe-0.6.1-py2.py3-none-any.whl", hash = "sha256:ab8a6258860da4b6677da4bd2fe5dc2c659cff31b3ee4f7f5d64e79735b80d42"},
    {file = "mccabe-0.6.1.tar.gz", hash = "sha256:dd8d182285a0fe56bace7f45b5e7d1a6ebcbf524e8f3bd87eb0f125271b8831f"},
]
pathspec = [
    {file = "pathspec-0.7.0-py2.py3-none-any.whl", hash = "sha256:163b0632d4e31cef212976cf57b43d9fd6b0bac6e67c26015d611a647d5e7424"},
    {file = "pathspec-0.7.0.tar.gz", hash = "sha256:562aa70af2e0d434367d9790ad37aed893de47f1693e4201fd1d3dca15d19b96"},
]
pendulum = [
    {file = "pendulum-2.1.0-cp27-cp27m-macosx_10_13_x86_64.whl", hash = "sha256:9eda38ff65b1f297d860d3f562480e048673fb4b81fdd5c8c55decb519b97ed2"},
    {file = "pendulum-2.1.0-cp27-cp27m-win_amd64.whl", hash = "sha256:70007aebc4494163f8705909a1996ce21ab853801b57fba4c2dd53c3df5c38f0"},
    {file = "pendulum-2.1.0-cp35-cp35m-macosx_10_13_x86_64.whl", hash = "sha256:575934b65b298eeb99c5a5b1673c945fc5c99e2b56caff772a91bc4b1eba7b82"},
    {file = "pendulum-2.1.0-cp35-cp35m-manylinux1_i686.whl", hash = "sha256:d42d1e870541eeaf3fe0500aac0c76a85bd4bd53ebed74f9a7daf8f01ac77374"},
    {file = "pendulum-2.1.0-cp35-cp35m-manylinux1_x86_64.whl", hash = "sha256:ff7f3420de0c0cf21c1fc813d581fcfa4a1fb6d87f09485880b3e1204eb9cdd7"},
    {file = "pendulum-2.1.0-cp35-cp35m-win_amd64.whl", hash = "sha256:ac3c6a992beeb4c9bd90c317a1bb2a6cba159b49a49b6dd3c86b5bacb86f3d50"},
    {file = "pendulum-2.1.0-cp36-cp36m-macosx_10_13_x86_64.whl", hash = "sha256:75a62e3f98499283fafe8ef4b44f81052e84825b00a0b64609dd8a06985382b9"},
    {file = "pendulum-2.1.0-cp36-cp36m-manylinux1_i686.whl", hash = "sha256:a79a72a7fd1092a7c69ddd8580a0be5365ded40c9f9c865623c7665742e3b888"},
    {file = "pendulum-2.1.0-cp36-cp36m-manylinux1_x86_64.whl", hash = "sha256:701127e1f0ff7c253cc0c07f29becc5f9210547914e0bbe59ffd9fa064d7c3c8"},
    {file = "pendulum-2.1.0-cp36-cp36m-win_amd64.whl", hash = "sha256:816e01dcb0ba4ffcf2ceaafe4d644174fea680361e909f6f8ba0a4fdb2ccae24"},
    {file = "pendulum-2.1.0-cp37-cp37m-macosx_10_13_x86_64.whl", hash = "sha256:edd00e6b43698762e10bfda508cc9c06bad88c0703a9b37e412aec1189e06e23"},
    {file = "pendulum-2.1.0-cp37-cp37m-manylinux1_i686.whl", hash = "sha256:4420e058110740a8193fb0709350dfc6ac790a99c345fc4e92e24df0f834ddcb"},
    {file = "pendulum-2.1.0-cp37-cp37m-manylinux1_x86_64.whl", hash = "sha256:aa560bd39d94f3889646422f1e65b8dfd025bf6288d43e5c2e31d4f972aaf2e4"},
    {file = "pendulum-2.1.0-cp37-cp37m-win_amd64.whl", hash = "sha256:2788945a0111d5325fd27ae3e3b18b741e440d20bdb7d4ea22fce7c9a4fbbf40"},
    {file = "pendulum-2.1.0-cp38-cp38-macosx_10_13_x86_64.whl", hash = "sha256:eb7e349bb2d1b2b418d094e2179d6768561e8242fd8cb640b5aaba735f3e91d1"},
    {file = "pendulum-2.1.0-cp38-cp38-manylinux1_i686.whl", hash = "sha256:6cf0f876cd088ee1578266f4231121376747aa90c3ed3b8e212a8344a9920061"},
    {file = "pendulum-2.1.0-cp38-cp38-manylinux1_x86_64.whl", hash = "sha256:aa13ddea12fd871d3191f633f08090b91ea2e80fb0ed50a7a149add7f680b12d"},
    {file = "pendulum-2.1.0-cp38-cp38m-win_amd64.whl", hash = "sha256:0cbbd4f30c69a283690d9ed8e58e44a990e067e59ee05b5ef55d022b38659aeb"},
    {file = "pendulum-2.1.0.tar.gz", hash = "sha256:093cab342e10516660e64b935a6da1a043e0286de36cc229fb48471415981ffe"},
]
pycodestyle = [
    {file = "pycodestyle-2.5.0-py2.py3-none-any.whl", hash = "sha256:95a2219d12372f05704562a14ec30bc76b05a5b297b21a5dfe3f6fac3491ae56"},
    {file = "pycodestyle-2.5.0.tar.gz", hash = "sha256:e40a936c9a450ad81df37f549d676d127b1b66000a6c500caa2b085bc0ca976c"},
]
pyflakes = [
    {file = "pyflakes-2.1.1-py2.py3-none-any.whl", hash = "sha256:17dbeb2e3f4d772725c777fabc446d5634d1038f234e77343108ce445ea69ce0"},
    {file = "pyflakes-2.1.1.tar.gz", hash = "sha256:d976835886f8c5b31d47970ed689944a0262b5f3afa00a5a7b4dc81e5449f8a2"},
]
pyserial = [
    {file = "pyserial-3.4-py2.py3-none-any.whl", hash = "sha256:e0770fadba80c31013896c7e6ef703f72e7834965954a78e71a3049488d4d7d8"},
    {file = "pyserial-3.4.tar.gz", hash = "sha256:6e2d401fdee0eab996cf734e67773a0143b932772ca8b42451440cfed942c627"},
]
python-dateutil = [
    {file = "python-dateutil-2.8.1.tar.gz", hash = "sha256:73ebfe9dbf22e832286dafa60473e4cd239f8592f699aa5adaf10050e6e1823c"},
    {file = "python_dateutil-2.8.1-py2.py3-none-any.whl", hash = "sha256:75bb3f31ea686f1197762692a9ee6a7550b59fc6ca3a1f4b5d7e32fb98e2da2a"},
]
pytzdata = [
    {file = "pytzdata-2019.3-py2.py3-none-any.whl", hash = "sha256:84c52b9a47d097fcd483f047a544979de6c3a86e94c845e3569e9f8acd0fa071"},
    {file = "pytzdata-2019.3.tar.gz", hash = "sha256:fac06f7cdfa903188dc4848c655e4adaee67ee0f2fe08e7daf815cf2a761ee5e"},
]
regex = [
    {file = "regex-2020.4.4-cp27-cp27m-win32.whl", hash = "sha256:90742c6ff121a9c5b261b9b215cb476eea97df98ea82037ec8ac95d1be7a034f"},
    {file = "regex-2020.4.4-cp27-cp27m-win_amd64.whl", hash = "sha256:24f4f4062eb16c5bbfff6a22312e8eab92c2c99c51a02e39b4eae54ce8255cd1"},
    {file = "regex-2020.4.4-cp36-cp36m-manylinux1_i686.whl", hash = "sha256:08119f707f0ebf2da60d2f24c2f39ca616277bb67ef6c92b72cbf90cbe3a556b"},
    {file = "regex-2020.4.4-cp36-cp36m-manylinux1_x86_64.whl", hash = "sha256:c9423a150d3a4fc0f3f2aae897a59919acd293f4cb397429b120a5fcd96ea3db"},
    {file = "regex-2020.4.4-cp36-cp36m-manylinux2010_i686.whl", hash = "sha256:c087bff162158536387c53647411db09b6ee3f9603c334c90943e97b1052a156"},
    {file = "regex-2020.4.4-cp36-cp36m-manylinux2010_x86_64.whl", hash = "sha256:1cbe0fa0b7f673400eb29e9ef41d4f53638f65f9a2143854de6b1ce2899185c3"},
    {file = "regex-2020.4.4-cp36-cp36m-win32.whl", hash = "sha256:0ce9537396d8f556bcfc317c65b6a0705320701e5ce511f05fc04421ba05b8a8"},
    {file = "regex-2020.4.4-cp36-cp36m-win_amd64.whl", hash = "sha256:7e1037073b1b7053ee74c3c6c0ada80f3501ec29d5f46e42669378eae6d4405a"},
    {file = "regex-2020.4.4-cp37-cp37m-manylinux1_i686.whl", hash = "sha256:4385f12aa289d79419fede43f979e372f527892ac44a541b5446617e4406c468"},
    {file = "regex-2020.4.4-cp37-cp37m-manylinux1_x86_64.whl", hash = "sha256:a58dd45cb865be0ce1d5ecc4cfc85cd8c6867bea66733623e54bd95131f473b6"},
    {file = "regex-2020.4.4-cp37-cp37m-manylinux2010_i686.whl", hash = "sha256:ccccdd84912875e34c5ad2d06e1989d890d43af6c2242c6fcfa51556997af6cd"},
    {file = "regex-2020.4.4-cp37-cp37m-manylinux2010_x86_64.whl", hash = "sha256:ea4adf02d23b437684cd388d557bf76e3afa72f7fed5bbc013482cc00c816948"},
    {file = "regex-2020.4.4-cp37-cp37m-win32.whl", hash = "sha256:2294f8b70e058a2553cd009df003a20802ef75b3c629506be20687df0908177e"},
    {file = "regex-2020.4.4-cp37-cp37m-win_amd64.whl", hash = "sha256:e91ba11da11cf770f389e47c3f5c30473e6d85e06d7fd9dcba0017d2867aab4a"},
    {file = "regex-2020.4.4-cp38-cp38-manylinux1_i686.whl", hash = "sha256:5635cd1ed0a12b4c42cce18a8d2fb53ff13ff537f09de5fd791e97de27b6400e"},
    {file = "regex-2020.4.4-cp38-cp38-manylinux1_x86_64.whl", hash = "sha256:23069d9c07e115537f37270d1d5faea3e0bdded8279081c4d4d607a2ad393683"},
    {file = "regex-2020.4.4-cp38-cp38-manylinux2010_i686.whl", hash = "sha256:c162a21e0da33eb3d31a3ac17a51db5e634fc347f650d271f0305d96601dc15b"},
    {file = "regex-2020.4.4-cp38-cp38-manylinux2010_x86_64.whl", hash = "sha256:fb95debbd1a824b2c4376932f2216cc186912e389bdb0e27147778cf6acb3f89"},
    {file = "regex-2020.4.4-cp38-cp38-win32.whl", hash = "sha256:2a3bf8b48f8e37c3a40bb3f854bf0121c194e69a650b209628d951190b862de3"},
    {file = "regex-2020.4.4-cp38-cp38-win_amd64.whl", hash = "sha256:5bfed051dbff32fd8945eccca70f5e22b55e4148d2a8a45141a3b053d6455ae3"},
    {file = "regex-2020.4.4.tar.gz", hash = "sha256:295badf61a51add2d428a46b8580309c520d8b26e769868b922750cf3ce67142"},
]
rope = [
    {file = "rope-0.16.0-py2-none-any.whl", hash = "sha256:ae1fa2fd56f64f4cc9be46493ce54bed0dd12dee03980c61a4393d89d84029ad"},
    {file = "rope-0.16.0-py3-none-any.whl", hash = "sha256:52423a7eebb5306a6d63bdc91a7c657db51ac9babfb8341c9a1440831ecf3203"},
    {file = "rope-0.16.0.tar.gz", hash = "sha256:d2830142c2e046f5fc26a022fe680675b6f48f81c7fc1f03a950706e746e9dfe"},
]
RPi = []
"rpi.gpio" = [
    {file = "RPi.GPIO-0.7.0.tar.gz", hash = "sha256:7424bc6c205466764f30f666c18187a0824077daf20b295c42f08aea2cb87d3f"},
]
six = [
    {file = "six-1.14.0-py2.py3-none-any.whl", hash = "sha256:8f3cd2e254d8f793e7f3d6d9df77b92252b52637291d0f0da013c76ea2724b6c"},
    {file = "six-1.14.0.tar.gz", hash = "sha256:236bdbdce46e6e6a3d61a337c0f8b763ca1e8717c03b369e87a7ec7ce1319c0a"},
]
toml = [
    {file = "toml-0.10.0-py2.7.egg", hash = "sha256:f1db651f9657708513243e61e6cc67d101a39bad662eaa9b5546f789338e07a3"},
    {file = "toml-0.10.0-py2.py3-none-any.whl", hash = "sha256:235682dd292d5899d361a811df37e04a8828a5b1da3115886b73cf81ebc9100e"},
    {file = "toml-0.10.0.tar.gz", hash = "sha256:229f81c57791a41d65e399fc06bf0848bab550a9dfd5ed66df18ce5f05e73d5c"},
]
typed-ast = [
    {file = "typed_ast-1.4.1-cp35-cp35m-manylinux1_i686.whl", hash = "sha256:73d785a950fc82dd2a25897d525d003f6378d1cb23ab305578394694202a58c3"},
    {file = "typed_ast-1.4.1-cp35-cp35m-manylinux1_x86_64.whl", hash = "sha256:aaee9905aee35ba5905cfb3c62f3e83b3bec7b39413f0a7f19be4e547ea01ebb"},
    {file = "typed_ast-1.4.1-cp35-cp35m-win32.whl", hash = "sha256:0c2c07682d61a629b68433afb159376e24e5b2fd4641d35424e462169c0a7919"},
    {file = "typed_ast-1.4.1-cp35-cp35m-win_amd64.whl", hash = "sha256:4083861b0aa07990b619bd7ddc365eb7fa4b817e99cf5f8d9cf21a42780f6e01"},
    {file = "typed_ast-1.4.1-cp36-cp36m-macosx_10_9_x86_64.whl", hash = "sha256:269151951236b0f9a6f04015a9004084a5ab0d5f19b57de779f908621e7d8b75"},
    {file = "typed_ast-1.4.1-cp36-cp36m-manylinux1_i686.whl", hash = "sha256:24995c843eb0ad11a4527b026b4dde3da70e1f2d8806c99b7b4a7cf491612652"},
    {file = "typed_ast-1.4.1-cp36-cp36m-manylinux1_x86_64.whl", hash = "sha256:fe460b922ec15dd205595c9b5b99e2f056fd98ae8f9f56b888e7a17dc2b757e7"},
    {file = "typed_ast-1.4.1-cp36-cp36m-win32.whl", hash = "sha256:4e3e5da80ccbebfff202a67bf900d081906c358ccc3d5e3c8aea42fdfdfd51c1"},
    {file = "typed_ast-1.4.1-cp36-cp36m-win_amd64.whl", hash = "sha256:249862707802d40f7f29f6e1aad8d84b5aa9e44552d2cc17384b209f091276aa"},
    {file = "typed_ast-1.4.1-cp37-cp37m-macosx_10_9_x86_64.whl", hash = "sha256:8ce678dbaf790dbdb3eba24056d5364fb45944f33553dd5869b7580cdbb83614"},
    {file = "typed_ast-1.4.1-cp37-cp37m-manylinux1_i686.whl", hash = "sha256:c9e348e02e4d2b4a8b2eedb48210430658df6951fa484e59de33ff773fbd4b41"},
    {file = "typed_ast-1.4.1-cp37-cp37m-manylinux1_x86_64.whl", hash = "sha256:bcd3b13b56ea479b3650b82cabd6b5343a625b0ced5429e4ccad28a8973f301b"},
    {file = "typed_ast-1.4.1-cp37-cp37m-win32.whl", hash = "sha256:d5d33e9e7af3b34a40dc05f498939f0ebf187f07c385fd58d591c533ad8562fe"},
    {file = "typed_ast-1.4.1-cp37-cp37m-win_amd64.whl", hash = "sha256:0666aa36131496aed8f7be0410ff974562ab7eeac11ef351def9ea6fa28f6355"},
    {file = "typed_ast-1.4.1-cp38-cp38-macosx_10_15_x86_64.whl", hash = "sha256:d205b1b46085271b4e15f670058ce182bd1199e56b317bf2ec004b6a44f911f6"},
    {file = "typed_ast-1.4.1-cp38-cp38-manylinux1_i686.whl", hash = "sha256:6daac9731f172c2a22ade6ed0c00197ee7cc1221aa84cfdf9c31defeb059a907"},
    {file = "typed_ast-1.4.1-cp38-cp38-manylinux1_x86_64.whl", hash = "sha256:498b0f36cc7054c1fead3d7fc59d2150f4d5c6c56ba7fb150c013fbc683a8d2d"},
    {file = "typed_ast-1.4.1-cp38-cp38-win32.whl", hash = "sha256:715ff2f2df46121071622063fc7543d9b1fd19ebfc4f5c8895af64a77a8c852c"},
    {file = "typed_ast-1.4.1-cp38-cp38-win_amd64.whl", hash = "sha256:fc0fea399acb12edbf8a628ba8d2312f583bdbdb3335635db062fa98cf71fca4"},
    {file = "typed_ast-1.4.1-cp39-cp39-macosx_10_15_x86_64.whl", hash = "sha256:d43943ef777f9a1c42bf4e552ba23ac77a6351de620aa9acf64ad54933ad4d34"},
    {file = "typed_ast-1.4.1.tar.gz", hash = "sha256:8c8aaad94455178e3187ab22c8b01a3837f8ee50e09cf31f1ba129eb293ec30b"},
]
uvloop = [
    {file = "uvloop-0.14.0-cp35-cp35m-macosx_10_11_x86_64.whl", hash = "sha256:08b109f0213af392150e2fe6f81d33261bb5ce968a288eb698aad4f46eb711bd"},
    {file = "uvloop-0.14.0-cp35-cp35m-manylinux2010_x86_64.whl", hash = "sha256:4544dcf77d74f3a84f03dd6278174575c44c67d7165d4c42c71db3fdc3860726"},
    {file = "uvloop-0.14.0-cp36-cp36m-macosx_10_11_x86_64.whl", hash = "sha256:b4f591aa4b3fa7f32fb51e2ee9fea1b495eb75b0b3c8d0ca52514ad675ae63f7"},
    {file = "uvloop-0.14.0-cp36-cp36m-manylinux2010_x86_64.whl", hash = "sha256:f07909cd9fc08c52d294b1570bba92186181ca01fe3dc9ffba68955273dd7362"},
    {file = "uvloop-0.14.0-cp37-cp37m-macosx_10_11_x86_64.whl", hash = "sha256:afd5513c0ae414ec71d24f6f123614a80f3d27ca655a4fcf6cabe50994cc1891"},
    {file = "uvloop-0.14.0-cp37-cp37m-manylinux2010_x86_64.whl", hash = "sha256:e7514d7a48c063226b7d06617cbb12a14278d4323a065a8d46a7962686ce2e95"},
    {file = "uvloop-0.14.0-cp38-cp38-macosx_10_11_x86_64.whl", hash = "sha256:bcac356d62edd330080aed082e78d4b580ff260a677508718f88016333e2c9c5"},
    {file = "uvloop-0.14.0-cp38-cp38-manylinux2010_x86_64.whl", hash = "sha256:4315d2ec3ca393dd5bc0b0089d23101276778c304d42faff5dc4579cb6caef09"},
    {file = "uvloop-0.14.0.tar.gz", hash = "sha256:123ac9c0c7dd71464f58f1b4ee0bbd81285d96cdda8bc3519281b8973e3a461e"},
]
